// !$*UTF8*$!
{
	archiveVersion = 1;
	classes = {
	};
	objectVersion = 46;
	objects = {

/* Begin PBXBuildFile section */
		FE5F96F819668CEB005A3DE4 /* Foundation.framework in Frameworks */ = {isa = PBXBuildFile; fileRef = FE5F96F719668CEB005A3DE4 /* Foundation.framework */; };
		FE5F96FA19668CEB005A3DE4 /* CoreGraphics.framework in Frameworks */ = {isa = PBXBuildFile; fileRef = FE5F96F919668CEB005A3DE4 /* CoreGraphics.framework */; };
		FE5F96FC19668CEB005A3DE4 /* UIKit.framework in Frameworks */ = {isa = PBXBuildFile; fileRef = FE5F96FB19668CEB005A3DE4 /* UIKit.framework */; };
		FE5F96FE19668CEB005A3DE4 /* CoreData.framework in Frameworks */ = {isa = PBXBuildFile; fileRef = FE5F96FD19668CEB005A3DE4 /* CoreData.framework */; };
		FE5F970419668CEB005A3DE4 /* InfoPlist.strings in Resources */ = {isa = PBXBuildFile; fileRef = FE5F970219668CEB005A3DE4 /* InfoPlist.strings */; };
		FE5F970619668CEB005A3DE4 /* main.m in Sources */ = {isa = PBXBuildFile; fileRef = FE5F970519668CEB005A3DE4 /* main.m */; };
		FE5F970A19668CEB005A3DE4 /* AppDelegate.m in Sources */ = {isa = PBXBuildFile; fileRef = FE5F970919668CEB005A3DE4 /* AppDelegate.m */; };
		FE5F970D19668CEB005A3DE4 /* Main.storyboard in Resources */ = {isa = PBXBuildFile; fileRef = FE5F970B19668CEB005A3DE4 /* Main.storyboard */; };
		FE5F971019668CEB005A3DE4 /* CoreDataRayWenderlich.xcdatamodeld in Sources */ = {isa = PBXBuildFile; fileRef = FE5F970E19668CEB005A3DE4 /* CoreDataRayWenderlich.xcdatamodeld */; };
		FE5F971819668CEB005A3DE4 /* Images.xcassets in Resources */ = {isa = PBXBuildFile; fileRef = FE5F971719668CEB005A3DE4 /* Images.xcassets */; };
		FE5F971F19668CEB005A3DE4 /* XCTest.framework in Frameworks */ = {isa = PBXBuildFile; fileRef = FE5F971E19668CEB005A3DE4 /* XCTest.framework */; };
		FE5F972019668CEB005A3DE4 /* Foundation.framework in Frameworks */ = {isa = PBXBuildFile; fileRef = FE5F96F719668CEB005A3DE4 /* Foundation.framework */; };
		FE5F972119668CEB005A3DE4 /* UIKit.framework in Frameworks */ = {isa = PBXBuildFile; fileRef = FE5F96FB19668CEB005A3DE4 /* UIKit.framework */; };
		FE5F972219668CEB005A3DE4 /* CoreData.framework in Frameworks */ = {isa = PBXBuildFile; fileRef = FE5F96FD19668CEB005A3DE4 /* CoreData.framework */; };
		FE5F972A19668CEB005A3DE4 /* InfoPlist.strings in Resources */ = {isa = PBXBuildFile; fileRef = FE5F972819668CEB005A3DE4 /* InfoPlist.strings */; };
		FE5F972C19668CEB005A3DE4 /* CoreDataRayWenderlichTests.m in Sources */ = {isa = PBXBuildFile; fileRef = FE5F972B19668CEB005A3DE4 /* CoreDataRayWenderlichTests.m */; };
		FE5F973A1966945F005A3DE4 /* MasterTableViewController.m in Sources */ = {isa = PBXBuildFile; fileRef = FE5F97391966945F005A3DE4 /* MasterTableViewController.m */; };
		FE5F97401966B1C4005A3DE4 /* FailedBankDetails.m in Sources */ = {isa = PBXBuildFile; fileRef = FE5F973F1966B1C4005A3DE4 /* FailedBankDetails.m */; };
		FE5F97431966B377005A3DE4 /* FailedBankInfo.m in Sources */ = {isa = PBXBuildFile; fileRef = FE5F97421966B377005A3DE4 /* FailedBankInfo.m */; };
/* End PBXBuildFile section */

/* Begin PBXContainerItemProxy section */
		FE5F972319668CEB005A3DE4 /* PBXContainerItemProxy */ = {
			isa = PBXContainerItemProxy;
			containerPortal = FE5F96EC19668CEB005A3DE4 /* Project object */;
			proxyType = 1;
			remoteGlobalIDString = FE5F96F319668CEB005A3DE4;
			remoteInfo = CoreDataRayWenderlich;
		};
/* End PBXContainerItemProxy section */

/* Begin PBXFileReference section */
		FE5F96F419668CEB005A3DE4 /* CoreDataRayWenderlich.app */ = {isa = PBXFileReference; explicitFileType = wrapper.application; includeInIndex = 0; path = CoreDataRayWenderlich.app; sourceTree = BUILT_PRODUCTS_DIR; };
		FE5F96F719668CEB005A3DE4 /* Foundation.framework */ = {isa = PBXFileReference; lastKnownFileType = wrapper.framework; name = Foundation.framework; path = System/Library/Frameworks/Foundation.framework; sourceTree = SDKROOT; };
		FE5F96F919668CEB005A3DE4 /* CoreGraphics.framework */ = {isa = PBXFileReference; lastKnownFileType = wrapper.framework; name = CoreGraphics.framework; path = System/Library/Frameworks/CoreGraphics.framework; sourceTree = SDKROOT; };
		FE5F96FB19668CEB005A3DE4 /* UIKit.framework */ = {isa = PBXFileReference; lastKnownFileType = wrapper.framework; name = UIKit.framework; path = System/Library/Frameworks/UIKit.framework; sourceTree = SDKROOT; };
		FE5F96FD19668CEB005A3DE4 /* CoreData.framework */ = {isa = PBXFileReference; lastKnownFileType = wrapper.framework; name = CoreData.framework; path = System/Library/Frameworks/CoreData.framework; sourceTree = SDKROOT; };
		FE5F970119668CEB005A3DE4 /* CoreDataRayWenderlich-Info.plist */ = {isa = PBXFileReference; lastKnownFileType = text.plist.xml; path = "CoreDataRayWenderlich-Info.plist"; sourceTree = "<group>"; };
		FE5F970319668CEB005A3DE4 /* en */ = {isa = PBXFileReference; lastKnownFileType = text.plist.strings; name = en; path = en.lproj/InfoPlist.strings; sourceTree = "<group>"; };
		FE5F970519668CEB005A3DE4 /* main.m */ = {isa = PBXFileReference; lastKnownFileType = sourcecode.c.objc; path = main.m; sourceTree = "<group>"; };
		FE5F970719668CEB005A3DE4 /* CoreDataRayWenderlich-Prefix.pch */ = {isa = PBXFileReference; lastKnownFileType = sourcecode.c.h; path = "CoreDataRayWenderlich-Prefix.pch"; sourceTree = "<group>"; };
		FE5F970819668CEB005A3DE4 /* AppDelegate.h */ = {isa = PBXFileReference; lastKnownFileType = sourcecode.c.h; path = AppDelegate.h; sourceTree = "<group>"; };
		FE5F970919668CEB005A3DE4 /* AppDelegate.m */ = {isa = PBXFileReference; lastKnownFileType = sourcecode.c.objc; path = AppDelegate.m; sourceTree = "<group>"; };
		FE5F970C19668CEB005A3DE4 /* Base */ = {isa = PBXFileReference; lastKnownFileType = file.storyboard; name = Base; path = Base.lproj/Main.storyboard; sourceTree = "<group>"; };
		FE5F970F19668CEB005A3DE4 /* CoreDataRayWenderlich.xcdatamodel */ = {isa = PBXFileReference; lastKnownFileType = wrapper.xcdatamodel; path = CoreDataRayWenderlich.xcdatamodel; sourceTree = "<group>"; };
		FE5F971719668CEB005A3DE4 /* Images.xcassets */ = {isa = PBXFileReference; lastKnownFileType = folder.assetcatalog; path = Images.xcassets; sourceTree = "<group>"; };
		FE5F971D19668CEB005A3DE4 /* CoreDataRayWenderlichTests.xctest */ = {isa = PBXFileReference; explicitFileType = wrapper.cfbundle; includeInIndex = 0; path = CoreDataRayWenderlichTests.xctest; sourceTree = BUILT_PRODUCTS_DIR; };
		FE5F971E19668CEB005A3DE4 /* XCTest.framework */ = {isa = PBXFileReference; lastKnownFileType = wrapper.framework; name = XCTest.framework; path = Library/Frameworks/XCTest.framework; sourceTree = DEVELOPER_DIR; };
		FE5F972719668CEB005A3DE4 /* CoreDataRayWenderlichTests-Info.plist */ = {isa = PBXFileReference; lastKnownFileType = text.plist.xml; path = "CoreDataRayWenderlichTests-Info.plist"; sourceTree = "<group>"; };
		FE5F972919668CEB005A3DE4 /* en */ = {isa = PBXFileReference; lastKnownFileType = text.plist.strings; name = en; path = en.lproj/InfoPlist.strings; sourceTree = "<group>"; };
		FE5F972B19668CEB005A3DE4 /* CoreDataRayWenderlichTests.m */ = {isa = PBXFileReference; lastKnownFileType = sourcecode.c.objc; path = CoreDataRayWenderlichTests.m; sourceTree = "<group>"; };
		FE5F97381966945F005A3DE4 /* MasterTableViewController.h */ = {isa = PBXFileReference; fileEncoding = 4; lastKnownFileType = sourcecode.c.h; path = MasterTableViewController.h; sourceTree = "<group>"; };
		FE5F97391966945F005A3DE4 /* MasterTableViewController.m */ = {isa = PBXFileReference; fileEncoding = 4; lastKnownFileType = sourcecode.c.objc; path = MasterTableViewController.m; sourceTree = "<group>"; };
		FE5F973E1966B1C4005A3DE4 /* FailedBankDetails.h */ = {isa = PBXFileReference; fileEncoding = 4; lastKnownFileType = sourcecode.c.h; path = FailedBankDetails.h; sourceTree = "<group>"; };
		FE5F973F1966B1C4005A3DE4 /* FailedBankDetails.m */ = {isa = PBXFileReference; fileEncoding = 4; lastKnownFileType = sourcecode.c.objc; path = FailedBankDetails.m; sourceTree = "<group>"; };
		FE5F97411966B377005A3DE4 /* FailedBankInfo.h */ = {isa = PBXFileReference; fileEncoding = 4; lastKnownFileType = sourcecode.c.h; path = FailedBankInfo.h; sourceTree = "<group>"; };
		FE5F97421966B377005A3DE4 /* FailedBankInfo.m */ = {isa = PBXFileReference; fileEncoding = 4; lastKnownFileType = sourcecode.c.objc; path = FailedBankInfo.m; sourceTree = "<group>"; };
/* End PBXFileReference section */

/* Begin PBXFrameworksBuildPhase section */
		FE5F96F119668CEB005A3DE4 /* Frameworks */ = {
			isa = PBXFrameworksBuildPhase;
			buildActionMask = 2147483647;
			files = (
				FE5F96FA19668CEB005A3DE4 /* CoreGraphics.framework in Frameworks */,
				FE5F96FE19668CEB005A3DE4 /* CoreData.framework in Frameworks */,
				FE5F96FC19668CEB005A3DE4 /* UIKit.framework in Frameworks */,
				FE5F96F819668CEB005A3DE4 /* Foundation.framework in Frameworks */,
			);
			runOnlyForDeploymentPostprocessing = 0;
		};
		FE5F971A19668CEB005A3DE4 /* Frameworks */ = {
			isa = PBXFrameworksBuildPhase;
			buildActionMask = 2147483647;
			files = (
				FE5F971F19668CEB005A3DE4 /* XCTest.framework in Frameworks */,
				FE5F972219668CEB005A3DE4 /* CoreData.framework in Frameworks */,
				FE5F972119668CEB005A3DE4 /* UIKit.framework in Frameworks */,
				FE5F972019668CEB005A3DE4 /* Foundation.framework in Frameworks */,
			);
			runOnlyForDeploymentPostprocessing = 0;
		};
/* End PBXFrameworksBuildPhase section */

/* Begin PBXGroup section */
		FE5F96EB19668CEB005A3DE4 = {
			isa = PBXGroup;
			children = (
				FE5F96FF19668CEB005A3DE4 /* CoreDataRayWenderlich */,
				FE5F972519668CEB005A3DE4 /* CoreDataRayWenderlichTests */,
				FE5F96F619668CEB005A3DE4 /* Frameworks */,
				FE5F96F519668CEB005A3DE4 /* Products */,
			);
			sourceTree = "<group>";
		};
		FE5F96F519668CEB005A3DE4 /* Products */ = {
			isa = PBXGroup;
			children = (
				FE5F96F419668CEB005A3DE4 /* CoreDataRayWenderlich.app */,
				FE5F971D19668CEB005A3DE4 /* CoreDataRayWenderlichTests.xctest */,
			);
			name = Products;
			sourceTree = "<group>";
		};
		FE5F96F619668CEB005A3DE4 /* Frameworks */ = {
			isa = PBXGroup;
			children = (
				FE5F96F719668CEB005A3DE4 /* Foundation.framework */,
				FE5F96F919668CEB005A3DE4 /* CoreGraphics.framework */,
				FE5F96FB19668CEB005A3DE4 /* UIKit.framework */,
				FE5F96FD19668CEB005A3DE4 /* CoreData.framework */,
				FE5F971E19668CEB005A3DE4 /* XCTest.framework */,
			);
			name = Frameworks;
			sourceTree = "<group>";
		};
		FE5F96FF19668CEB005A3DE4 /* CoreDataRayWenderlich */ = {
			isa = PBXGroup;
			children = (
				FE5F970819668CEB005A3DE4 /* AppDelegate.h */,
				FE5F970919668CEB005A3DE4 /* AppDelegate.m */,
				FE5F970B19668CEB005A3DE4 /* Main.storyboard */,
				FE5F971719668CEB005A3DE4 /* Images.xcassets */,
				FE5F970E19668CEB005A3DE4 /* CoreDataRayWenderlich.xcdatamodeld */,
				FE5F97411966B377005A3DE4 /* FailedBankInfo.h */,
				FE5F97421966B377005A3DE4 /* FailedBankInfo.m */,
				FE5F973E1966B1C4005A3DE4 /* FailedBankDetails.h */,
				FE5F973F1966B1C4005A3DE4 /* FailedBankDetails.m */,
				FE5F970019668CEB005A3DE4 /* Supporting Files */,
				FE5F97381966945F005A3DE4 /* MasterTableViewController.h */,
				FE5F97391966945F005A3DE4 /* MasterTableViewController.m */,
			);
			path = CoreDataRayWenderlich;
			sourceTree = "<group>";
		};
		FE5F970019668CEB005A3DE4 /* Supporting Files */ = {
			isa = PBXGroup;
			children = (
				FE5F970119668CEB005A3DE4 /* CoreDataRayWenderlich-Info.plist */,
				FE5F970219668CEB005A3DE4 /* InfoPlist.strings */,
				FE5F970519668CEB005A3DE4 /* main.m */,
				FE5F970719668CEB005A3DE4 /* CoreDataRayWenderlich-Prefix.pch */,
			);
			name = "Supporting Files";
			sourceTree = "<group>";
		};
		FE5F972519668CEB005A3DE4 /* CoreDataRayWenderlichTests */ = {
			isa = PBXGroup;
			children = (
				FE5F972B19668CEB005A3DE4 /* CoreDataRayWenderlichTests.m */,
				FE5F972619668CEB005A3DE4 /* Supporting Files */,
			);
			path = CoreDataRayWenderlichTests;
			sourceTree = "<group>";
		};
		FE5F972619668CEB005A3DE4 /* Supporting Files */ = {
			isa = PBXGroup;
			children = (
				FE5F972719668CEB005A3DE4 /* CoreDataRayWenderlichTests-Info.plist */,
				FE5F972819668CEB005A3DE4 /* InfoPlist.strings */,
			);
			name = "Supporting Files";
			sourceTree = "<group>";
		};
/* End PBXGroup section */

/* Begin PBXNativeTarget section */
		FE5F96F319668CEB005A3DE4 /* CoreDataRayWenderlich */ = {
			isa = PBXNativeTarget;
			buildConfigurationList = FE5F972F19668CEB005A3DE4 /* Build configuration list for PBXNativeTarget "CoreDataRayWenderlich" */;
			buildPhases = (
				FE5F96F019668CEB005A3DE4 /* Sources */,
				FE5F96F119668CEB005A3DE4 /* Frameworks */,
				FE5F96F219668CEB005A3DE4 /* Resources */,
			);
			buildRules = (
			);
			dependencies = (
			);
			name = CoreDataRayWenderlich;
			productName = CoreDataRayWenderlich;
			productReference = FE5F96F419668CEB005A3DE4 /* CoreDataRayWenderlich.app */;
			productType = "com.apple.product-type.application";
		};
		FE5F971C19668CEB005A3DE4 /* CoreDataRayWenderlichTests */ = {
			isa = PBXNativeTarget;
			buildConfigurationList = FE5F973219668CEB005A3DE4 /* Build configuration list for PBXNativeTarget "CoreDataRayWenderlichTests" */;
			buildPhases = (
				FE5F971919668CEB005A3DE4 /* Sources */,
				FE5F971A19668CEB005A3DE4 /* Frameworks */,
				FE5F971B19668CEB005A3DE4 /* Resources */,
			);
			buildRules = (
			);
			dependencies = (
				FE5F972419668CEB005A3DE4 /* PBXTargetDependency */,
			);
			name = CoreDataRayWenderlichTests;
			productName = CoreDataRayWenderlichTests;
			productReference = FE5F971D19668CEB005A3DE4 /* CoreDataRayWenderlichTests.xctest */;
			productType = "com.apple.product-type.bundle.unit-test";
		};
/* End PBXNativeTarget section */

/* Begin PBXProject section */
		FE5F96EC19668CEB005A3DE4 /* Project object */ = {
			isa = PBXProject;
			attributes = {
				LastUpgradeCheck = 0510;
				ORGANIZATIONNAME = IronHack;
				TargetAttributes = {
					FE5F971C19668CEB005A3DE4 = {
						TestTargetID = FE5F96F319668CEB005A3DE4;
					};
				};
			};
			buildConfigurationList = FE5F96EF19668CEB005A3DE4 /* Build configuration list for PBXProject "CoreDataRayWenderlich" */;
			compatibilityVersion = "Xcode 3.2";
			developmentRegion = English;
			hasScannedForEncodings = 0;
			knownRegions = (
				en,
				Base,
			);
			mainGroup = FE5F96EB19668CEB005A3DE4;
			productRefGroup = FE5F96F519668CEB005A3DE4 /* Products */;
			projectDirPath = "";
			projectRoot = "";
			targets = (
				FE5F96F319668CEB005A3DE4 /* CoreDataRayWenderlich */,
				FE5F971C19668CEB005A3DE4 /* CoreDataRayWenderlichTests */,
			);
		};
/* End PBXProject section */

/* Begin PBXResourcesBuildPhase section */
		FE5F96F219668CEB005A3DE4 /* Resources */ = {
			isa = PBXResourcesBuildPhase;
			buildActionMask = 2147483647;
			files = (
				FE5F971819668CEB005A3DE4 /* Images.xcassets in Resources */,
				FE5F970419668CEB005A3DE4 /* InfoPlist.strings in Resources */,
				FE5F970D19668CEB005A3DE4 /* Main.storyboard in Resources */,
			);
			runOnlyForDeploymentPostprocessing = 0;
		};
		FE5F971B19668CEB005A3DE4 /* Resources */ = {
			isa = PBXResourcesBuildPhase;
			buildActionMask = 2147483647;
			files = (
				FE5F972A19668CEB005A3DE4 /* InfoPlist.strings in Resources */,
			);
			runOnlyForDeploymentPostprocessing = 0;
		};
/* End PBXResourcesBuildPhase section */

/* Begin PBXSourcesBuildPhase section */
		FE5F96F019668CEB005A3DE4 /* Sources */ = {
			isa = PBXSourcesBuildPhase;
			buildActionMask = 2147483647;
			files = (
				FE5F970A19668CEB005A3DE4 /* AppDelegate.m in Sources */,
				FE5F97401966B1C4005A3DE4 /* FailedBankDetails.m in Sources */,
				FE5F973A1966945F005A3DE4 /* MasterTableViewController.m in Sources */,
				FE5F970619668CEB005A3DE4 /* main.m in Sources */,
				FE5F97431966B377005A3DE4 /* FailedBankInfo.m in Sources */,
				FE5F971019668CEB005A3DE4 /* CoreDataRayWenderlich.xcdatamodeld in Sources */,
			);
			runOnlyForDeploymentPostprocessing = 0;
		};
		FE5F971919668CEB005A3DE4 /* Sources */ = {
			isa = PBXSourcesBuildPhase;
			buildActionMask = 2147483647;
			files = (
				FE5F972C19668CEB005A3DE4 /* CoreDataRayWenderlichTests.m in Sources */,
			);
			runOnlyForDeploymentPostprocessing = 0;
		};
/* End PBXSourcesBuildPhase section */

/* Begin PBXTargetDependency section */
		FE5F972419668CEB005A3DE4 /* PBXTargetDependency */ = {
			isa = PBXTargetDependency;
			target = FE5F96F319668CEB005A3DE4 /* CoreDataRayWenderlich */;
			targetProxy = FE5F972319668CEB005A3DE4 /* PBXContainerItemProxy */;
		};
/* End PBXTargetDependency section */

/* Begin PBXVariantGroup section */
		FE5F970219668CEB005A3DE4 /* InfoPlist.strings */ = {
			isa = PBXVariantGroup;
			children = (
				FE5F970319668CEB005A3DE4 /* en */,
			);
			name = InfoPlist.strings;
			sourceTree = "<group>";
		};
		FE5F970B19668CEB005A3DE4 /* Main.storyboard */ = {
			isa = PBXVariantGroup;
			children = (
				FE5F970C19668CEB005A3DE4 /* Base */,
			);
			name = Main.storyboard;
			sourceTree = "<group>";
		};
		FE5F972819668CEB005A3DE4 /* InfoPlist.strings */ = {
			isa = PBXVariantGroup;
			children = (
				FE5F972919668CEB005A3DE4 /* en */,
			);
			name = InfoPlist.strings;
			sourceTree = "<group>";
		};
/* End PBXVariantGroup section */

/* Begin XCBuildConfiguration section */
		FE5F972D19668CEB005A3DE4 /* Debug */ = {
			isa = XCBuildConfiguration;
			buildSettings = {
				ALWAYS_SEARCH_USER_PATHS = NO;
				CLANG_CXX_LANGUAGE_STANDARD = "gnu++0x";
				CLANG_CXX_LIBRARY = "libc++";
				CLANG_ENABLE_MODULES = YES;
				CLANG_ENABLE_OBJC_ARC = YES;
				CLANG_WARN_BOOL_CONVERSION = YES;
				CLANG_WARN_CONSTANT_CONVERSION = YES;
				CLANG_WARN_DIRECT_OBJC_ISA_USAGE = YES_ERROR;
				CLANG_WARN_EMPTY_BODY = YES;
				CLANG_WARN_ENUM_CONVERSION = YES;
				CLANG_WARN_INT_CONVERSION = YES;
				CLANG_WARN_OBJC_ROOT_CLASS = YES_ERROR;
				CLANG_WARN__DUPLICATE_METHOD_MATCH = YES;
				"CODE_SIGN_IDENTITY[sdk=iphoneos*]" = "iPhone Developer";
				COPY_PHASE_STRIP = NO;
				GCC_C_LANGUAGE_STANDARD = gnu99;
				GCC_DYNAMIC_NO_PIC = NO;
				GCC_OPTIMIZATION_LEVEL = 0;
				GCC_PREPROCESSOR_DEFINITIONS = (
					"DEBUG=1",
					"$(inherited)",
				);
				GCC_SYMBOLS_PRIVATE_EXTERN = NO;
				GCC_WARN_64_TO_32_BIT_CONVERSION = YES;
				GCC_WARN_ABOUT_RETURN_TYPE = YES_ERROR;
				GCC_WARN_UNDECLARED_SELECTOR = YES;
				GCC_WARN_UNINITIALIZED_AUTOS = YES_AGGRESSIVE;
				GCC_WARN_UNUSED_FUNCTION = YES;
				GCC_WARN_UNUSED_VARIABLE = YES;
				IPHONEOS_DEPLOYMENT_TARGET = 7.1;
				ONLY_ACTIVE_ARCH = YES;
				SDKROOT = iphoneos;
			};
			name = Debug;
		};
		FE5F972E19668CEB005A3DE4 /* Release */ = {
			isa = XCBuildConfiguration;
			buildSettings = {
				ALWAYS_SEARCH_USER_PATHS = NO;
				CLANG_CXX_LANGUAGE_STANDARD = "gnu++0x";
				CLANG_CXX_LIBRARY = "libc++";
				CLANG_ENABLE_MODULES = YES;
				CLANG_ENABLE_OBJC_ARC = YES;
				CLANG_WARN_BOOL_CONVERSION = YES;
				CLANG_WARN_CONSTANT_CONVERSION = YES;
				CLANG_WARN_DIRECT_OBJC_ISA_USAGE = YES_ERROR;
				CLANG_WARN_EMPTY_BODY = YES;
				CLANG_WARN_ENUM_CONVERSION = YES;
				CLANG_WARN_INT_CONVERSION = YES;
				CLANG_WARN_OBJC_ROOT_CLASS = YES_ERROR;
				CLANG_WARN__DUPLICATE_METHOD_MATCH = YES;
				"CODE_SIGN_IDENTITY[sdk=iphoneos*]" = "iPhone Developer";
				COPY_PHASE_STRIP = YES;
				ENABLE_NS_ASSERTIONS = NO;
				GCC_C_LANGUAGE_STANDARD = gnu99;
				GCC_WARN_64_TO_32_BIT_CONVERSION = YES;
				GCC_WARN_ABOUT_RETURN_TYPE = YES_ERROR;
				GCC_WARN_UNDECLARED_SELECTOR = YES;
				GCC_WARN_UNINITIALIZED_AUTOS = YES_AGGRESSIVE;
				GCC_WARN_UNUSED_FUNCTION = YES;
				GCC_WARN_UNUSED_VARIABLE = YES;
				IPHONEOS_DEPLOYMENT_TARGET = 7.1;
				SDKROOT = iphoneos;
				VALIDATE_PRODUCT = YES;
			};
			name = Release;
		};
		FE5F973019668CEB005A3DE4 /* Debug */ = {
			isa = XCBuildConfiguration;
			buildSettings = {
				ASSETCATALOG_COMPILER_APPICON_NAME = AppIcon;
				ASSETCATALOG_COMPILER_LAUNCHIMAGE_NAME = LaunchImage;
				GCC_PRECOMPILE_PREFIX_HEADER = YES;
				GCC_PREFIX_HEADER = "CoreDataRayWenderlich/CoreDataRayWenderlich-Prefix.pch";
				INFOPLIST_FILE = "CoreDataRayWenderlich/CoreDataRayWenderlich-Info.plist";
				PRODUCT_NAME = "$(TARGET_NAME)";
				WRAPPER_EXTENSION = app;
			};
			name = Debug;
		};
		FE5F973119668CEB005A3DE4 /* Release */ = {
			isa = XCBuildConfiguration;
			buildSettings = {
				ASSETCATALOG_COMPILER_APPICON_NAME = AppIcon;
				ASSETCATALOG_COMPILER_LAUNCHIMAGE_NAME = LaunchImage;
				GCC_PRECOMPILE_PREFIX_HEADER = YES;
				GCC_PREFIX_HEADER = "CoreDataRayWenderlich/CoreDataRayWenderlich-Prefix.pch";
				INFOPLIST_FILE = "CoreDataRayWenderlich/CoreDataRayWenderlich-Info.plist";
				PRODUCT_NAME = "$(TARGET_NAME)";
				WRAPPER_EXTENSION = app;
			};
			name = Release;
		};
		FE5F973319668CEB005A3DE4 /* Debug */ = {
			isa = XCBuildConfiguration;
			buildSettings = {
				BUNDLE_LOADER = "$(BUILT_PRODUCTS_DIR)/CoreDataRayWenderlich.app/CoreDataRayWenderlich";
				FRAMEWORK_SEARCH_PATHS = (
					"$(SDKROOT)/Developer/Library/Frameworks",
					"$(inherited)",
					"$(DEVELOPER_FRAMEWORKS_DIR)",
				);
				GCC_PRECOMPILE_PREFIX_HEADER = YES;
				GCC_PREFIX_HEADER = "CoreDataRayWenderlich/CoreDataRayWenderlich-Prefix.pch";
				GCC_PREPROCESSOR_DEFINITIONS = (
					"DEBUG=1",
					"$(inherited)",
				);
				INFOPLIST_FILE = "CoreDataRayWenderlichTests/CoreDataRayWenderlichTests-Info.plist";
				PRODUCT_NAME = "$(TARGET_NAME)";
				TEST_HOST = "$(BUNDLE_LOADER)";
				WRAPPER_EXTENSION = xctest;
			};
			name = Debug;
		};
		FE5F973419668CEB005A3DE4 /* Release */ = {
			isa = XCBuildConfiguration;
			buildSettings = {
				BUNDLE_LOADER = "$(BUILT_PRODUCTS_DIR)/CoreDataRayWenderlich.app/CoreDataRayWenderlich";
				FRAMEWORK_SEARCH_PATHS = (
					"$(SDKROOT)/Developer/Library/Frameworks",
					"$(inherited)",
					"$(DEVELOPER_FRAMEWORKS_DIR)",
				);
				GCC_PRECOMPILE_PREFIX_HEADER = YES;
				GCC_PREFIX_HEADER = "CoreDataRayWenderlich/CoreDataRayWenderlich-Prefix.pch";
				INFOPLIST_FILE = "CoreDataRayWenderlichTests/CoreDataRayWenderlichTests-Info.plist";
				PRODUCT_NAME = "$(TARGET_NAME)";
				TEST_HOST = "$(BUNDLE_LOADER)";
				WRAPPER_EXTENSION = xctest;
			};
			name = Release;
		};
/* End XCBuildConfiguration section */

/* Begin XCConfigurationList section */
		FE5F96EF19668CEB005A3DE4 /* Build configuration list for PBXProject "CoreDataRayWenderlich" */ = {
			isa = XCConfigurationList;
			buildConfigurations = (
				FE5F972D19668CEB005A3DE4 /* Debug */,
				FE5F972E19668CEB005A3DE4 /* Release */,
			);
			defaultConfigurationIsVisible = 0;
			defaultConfigurationName = Release;
		};
		FE5F972F19668CEB005A3DE4 /* Build configuration list for PBXNativeTarget "CoreDataRayWenderlich" */ = {
			isa = XCConfigurationList;
			buildConfigurations = (
				FE5F973019668CEB005A3DE4 /* Debug */,
				FE5F973119668CEB005A3DE4 /* Release */,
			);
			defaultConfigurationIsVisible = 0;
		};
		FE5F973219668CEB005A3DE4 /* Build configuration list for PBXNativeTarget "CoreDataRayWenderlichTests" */ = {
			isa = XCConfigurationList;
			buildConfigurations = (
				FE5F973319668CEB005A3DE4 /* Debug */,
				FE5F973419668CEB005A3DE4 /* Release */,
			);
			defaultConfigurationIsVisible = 0;
		};
/* End XCConfigurationList section */

/* Begin XCVersionGroup section */
		FE5F970E19668CEB005A3DE4 /* CoreDataRayWenderlich.xcdatamodeld */ = {
			isa = XCVersionGroup;
			children = (
				FE5F970F19668CEB005A3DE4 /* CoreDataRayWenderlich.xcdatamodel */,
			);
			currentVersion = FE5F970F19668CEB005A3DE4 /* CoreDataRayWenderlich.xcdatamodel */;
			path = CoreDataRayWenderlich.xcdatamodeld;
			sourceTree = "<group>";
			versionGroupType = wrapper.xcdatamodel;
		};
/* End XCVersionGroup section */
	};
	rootObject = FE5F96EC19668CEB005A3DE4 /* Project object */;
}
